
Microsoft Visual Studio Solution File, Format Version 12.00
# Visual Studio Version 17
VisualStudioVersion = 17.10.34928.147
MinimumVisualStudioVersion = 10.0.40219.1
Project("{9A19103F-16F7-4668-BE54-9A1E7A4F7556}") = "HeavyStringFiltering.API", "HeavyStringFiltering.API\HeavyStringFiltering.API.csproj", "{8F9A5C6C-ACDB-4C6F-A07D-6C2B059CB544}"
EndProject
Project("{9A19103F-16F7-4668-BE54-9A1E7A4F7556}") = "HeavyStringFiltering.Application", "HeavyStringFiltering.Application\HeavyStringFiltering.Application.csproj", "{EE0A054A-FFB8-4A84-810D-417504715243}"
EndProject
Project("{9A19103F-16F7-4668-BE54-9A1E7A4F7556}") = "HeavyStringFiltering.Domain", "HeavyStringFiltering.Domain\HeavyStringFiltering.Domain.csproj", "{13D99034-90D1-4030-8D9D-4BEC9063304B}"
EndProject
Project("{9A19103F-16F7-4668-BE54-9A1E7A4F7556}") = "HeavyStringFiltering.Infrastructure", "HeavyStringFiltering.Infrastructure\HeavyStringFiltering.Infrastructure.csproj", "{425157BC-98BA-4B23-9A15-C5ED77BD1E30}"
EndProject
Project("{9A19103F-16F7-4668-BE54-9A1E7A4F7556}") = "HeavyStringFiltering.Tests", "HeavyStringFiltering.Tests\HeavyStringFiltering.Tests.csproj", "{87F18648-E7AE-4F82-A06B-662063A49234}"
EndProject
Global
	GlobalSection(SolutionConfigurationPlatforms) = preSolution
		Debug|Any CPU = Debug|Any CPU
		Release|Any CPU = Release|Any CPU
	EndGlobalSection
	GlobalSection(ProjectConfigurationPlatforms) = postSolution
		{8F9A5C6C-ACDB-4C6F-A07D-6C2B059CB544}.Debug|Any CPU.ActiveCfg = Debug|Any CPU
		{8F9A5C6C-ACDB-4C6F-A07D-6C2B059CB544}.Debug|Any CPU.Build.0 = Debug|Any CPU
		{8F9A5C6C-ACDB-4C6F-A07D-6C2B059CB544}.Release|Any CPU.ActiveCfg = Release|Any CPU
		{8F9A5C6C-ACDB-4C6F-A07D-6C2B059CB544}.Release|Any CPU.Build.0 = Release|Any CPU
		{EE0A054A-FFB8-4A84-810D-417504715243}.Debug|Any CPU.ActiveCfg = Debug|Any CPU
		{EE0A054A-FFB8-4A84-810D-417504715243}.Debug|Any CPU.Build.0 = Debug|Any CPU
		{EE0A054A-FFB8-4A84-810D-417504715243}.Release|Any CPU.ActiveCfg = Release|Any CPU
		{EE0A054A-FFB8-4A84-810D-417504715243}.Release|Any CPU.Build.0 = Release|Any CPU
		{13D99034-90D1-4030-8D9D-4BEC9063304B}.Debug|Any CPU.ActiveCfg = Debug|Any CPU
		{13D99034-90D1-4030-8D9D-4BEC9063304B}.Debug|Any CPU.Build.0 = Debug|Any CPU
		{13D99034-90D1-4030-8D9D-4BEC9063304B}.Release|Any CPU.ActiveCfg = Release|Any CPU
		{13D99034-90D1-4030-8D9D-4BEC9063304B}.Release|Any CPU.Build.0 = Release|Any CPU
		{425157BC-98BA-4B23-9A15-C5ED77BD1E30}.Debug|Any CPU.ActiveCfg = Debug|Any CPU
		{425157BC-98BA-4B23-9A15-C5ED77BD1E30}.Debug|Any CPU.Build.0 = Debug|Any CPU
		{425157BC-98BA-4B23-9A15-C5ED77BD1E30}.Release|Any CPU.ActiveCfg = Release|Any CPU
		{425157BC-98BA-4B23-9A15-C5ED77BD1E30}.Release|Any CPU.Build.0 = Release|Any CPU
		{87F18648-E7AE-4F82-A06B-662063A49234}.Debug|Any CPU.ActiveCfg = Debug|Any CPU
		{87F18648-E7AE-4F82-A06B-662063A49234}.Debug|Any CPU.Build.0 = Debug|Any CPU
		{87F18648-E7AE-4F82-A06B-662063A49234}.Release|Any CPU.ActiveCfg = Release|Any CPU
		{87F18648-E7AE-4F82-A06B-662063A49234}.Release|Any CPU.Build.0 = Release|Any CPU
	EndGlobalSection
	GlobalSection(SolutionProperties) = preSolution
		HideSolutionNode = FALSE
	EndGlobalSection
	GlobalSection(ExtensibilityGlobals) = postSolution
		SolutionGuid = {20A29C09-4B7F-47F8-8624-602CC0AEE58F}
	EndGlobalSection
EndGlobal
